PODS:
  - Bolts (1.8.4):
    - Bolts/AppLinks (= 1.8.4)
    - Bolts/Tasks (= 1.8.4)
  - Bolts/AppLinks (1.8.4):
    - Bolts/Tasks
  - Bolts/Tasks (1.8.4)
  - Crashlytics (3.8.1):
    - Fabric (~> 1.6.3)
  - Fabric (1.6.8)
  - FBSDKCoreKit (4.15.1):
    - Bolts (~> 1.7)
  - FBSDKLoginKit (4.15.1):
    - FBSDKCoreKit
  - FBSDKShareKit (4.15.1):
    - FBSDKCoreKit
  - Parse (1.14.2):
    - Bolts/Tasks (~> 1.8)
  - ParseFacebookUtilsV4 (1.11.1):
    - Bolts/Tasks (>= 1.6)
    - FBSDKCoreKit (~> 4.10)
    - FBSDKLoginKit (~> 4.10)
    - FBSDKTVOSKit (~> 4.10)
    - Parse (~> 1.12)
  - QMChatViewController (0.3.10):
    - QMChatViewController/Categories (= 0.3.10)
    - QMChatViewController/KeyboardViewController (= 0.3.10)
    - QMChatViewController/Protocols (= 0.3.10)
    - QMChatViewController/Sections (= 0.3.10)
    - QMChatViewController/Utils (= 0.3.10)
    - QMChatViewController/Views (= 0.3.10)
    - QuickBlox (>= 2.0)
    - SDWebImage (~> 3.6)
    - TTTAttributedLabel (> 1.13)
  - QMChatViewController/Categories (0.3.10):
    - QMChatViewController/Utils
    - QuickBlox (>= 2.0)
    - SDWebImage (~> 3.6)
    - TTTAttributedLabel (> 1.13)
  - QMChatViewController/KeyboardViewController (0.3.10):
    - QuickBlox (>= 2.0)
    - SDWebImage (~> 3.6)
    - TTTAttributedLabel (> 1.13)
  - QMChatViewController/Protocols (0.3.10):
    - QuickBlox (>= 2.0)
    - SDWebImage (~> 3.6)
    - TTTAttributedLabel (> 1.13)
  - QMChatViewController/Sections (0.3.10):
    - QuickBlox (>= 2.0)
    - SDWebImage (~> 3.6)
    - TTTAttributedLabel (> 1.13)
  - QMChatViewController/Utils (0.3.10):
    - QuickBlox (>= 2.0)
    - SDWebImage (~> 3.6)
    - TTTAttributedLabel (> 1.13)
  - QMChatViewController/Views (0.3.10):
    - QMChatViewController/Categories
    - QMChatViewController/Protocols
    - QuickBlox (>= 2.0)
    - SDWebImage (~> 3.6)
    - TTTAttributedLabel (> 1.13)
  - QMServices (0.4.4):
    - Bolts (>= 1.5.0)
    - QuickBlox (>= 2.6.5)
  - QuickBlox (2.8.0.1)
  - Quickblox-WebRTC (2.2)
  - SDWebImage (3.8.2):
    - SDWebImage/Core (= 3.8.2)
  - SDWebImage/Core (3.8.2)
  - Stripe (8.0.4)
  - TTTAttributedLabel (2.0.0)

DEPENDENCIES:
  - Crashlytics
  - Fabric
  - FBSDKCoreKit
  - FBSDKLoginKit
  - FBSDKShareKit
  - Parse
  - ParseFacebookUtilsV4
  - QMChatViewController
  - QMServices
  - QuickBlox
  - Quickblox-WebRTC
  - Stripe

SPEC CHECKSUMS:
  Bolts: 8a7995239dbe724f9cba2248b766d48b7ebdd322
  Crashlytics: 4391d8df0b125345e9f209c5db6e7f40a6a8435d
  Fabric: 5755268d0171435ab167e3d0878a28a777deaf10
  FBSDKCoreKit: fc7fa53d16b095ee3fd53f0cd59f1df8bcbb634d
  FBSDKLoginKit: 073f79b3b2e762fc6f54a283fe15f45372d59f5f
  FBSDKShareKit: 11cbb5a4d7b5fda8143cc95b76188147e6725736
  Parse: 4335d65f40cb3d43190d723144bbe1afb9c38230
  ParseFacebookUtilsV4: 2f30c2b7021c8005d3042781da7ef87d06589421
  QMChatViewController: cb1f6172f794c85be20637c137c5a0b0c5abdb14
  QMServices: 4e62c3dc9986db0cc3b9e06ae02a06a93429c1b8
  QuickBlox: 51505b8deed7268c1bfd3139d4e4e9a1e9441d44
  Quickblox-WebRTC: 4575357666869f1d517eaef7da3d70da09f66686
  SDWebImage: 098e97e6176540799c27e804c96653ee0833d13c
  Stripe: c3e325e0309dcdcb478191dbd298082823a210c1
  TTTAttributedLabel: 8cffe8e127e4e82ff3af1e5386d4cd0ad000b656

PODFILE CHECKSUM: 1500fd624ea2315c596a1976b79d41b768b64c90

COCOAPODS: 1.1.1
