// !$*UTF8*$!
{
	archiveVersion = 1;
	classes = {
	};
	objectVersion = 46;
	objects = {

/* Begin PBXBuildFile section */
		446144FD1D723DF3003B89F8 /* CallHistoryCell.swift in Sources */ = {isa = PBXBuildFile; fileRef = 446144FC1D723DF3003B89F8 /* CallHistoryCell.swift */; };
		44986F1F1D6A372800C6D0A7 /* DetailTableViewCell.xib in Resources */ = {isa = PBXBuildFile; fileRef = 44986F171D6A372800C6D0A7 /* DetailTableViewCell.xib */; };
		44986F271D6A3AC900C6D0A7 /* AccountSettingsViewController.swift in Sources */ = {isa = PBXBuildFile; fileRef = 44986F261D6A3AC900C6D0A7 /* AccountSettingsViewController.swift */; };
		44986F291D6A687200C6D0A7 /* AccountInfoCell.swift in Sources */ = {isa = PBXBuildFile; fileRef = 44986F281D6A687200C6D0A7 /* AccountInfoCell.swift */; };
		44BA7F371D7383A5006B347D /* EditAccountSettingsViewController.swift in Sources */ = {isa = PBXBuildFile; fileRef = 44BA7F361D7383A5006B347D /* EditAccountSettingsViewController.swift */; };
		44BA7F391D73C822006B347D /* DetailTableViewCell.swift in Sources */ = {isa = PBXBuildFile; fileRef = 44BA7F381D73C822006B347D /* DetailTableViewCell.swift */; };
		44BA7F3D1D73C9CF006B347D /* ProviderDetailViewController.swift in Sources */ = {isa = PBXBuildFile; fileRef = 44BA7F3C1D73C9CF006B347D /* ProviderDetailViewController.swift */; };
		44BA7F411D73C9F5006B347D /* ReviewTableViewCell.swift in Sources */ = {isa = PBXBuildFile; fileRef = 44BA7F401D73C9F5006B347D /* ReviewTableViewCell.swift */; };
		44BA7F431D73CA04006B347D /* ReviewTableViewCell.xib in Resources */ = {isa = PBXBuildFile; fileRef = 44BA7F421D73CA04006B347D /* ReviewTableViewCell.xib */; };
		44BA7F451D73CB47006B347D /* Settings.storyboard in Resources */ = {isa = PBXBuildFile; fileRef = 44BA7F441D73CB47006B347D /* Settings.storyboard */; };
		44BA7F471D77C198006B347D /* Randall.storyboard in Resources */ = {isa = PBXBuildFile; fileRef = 44BA7F461D77C198006B347D /* Randall.storyboard */; };
		6441927D0CD7E83D78420929 /* Pods_Lunr.framework in Frameworks */ = {isa = PBXBuildFile; fileRef = FD30739001DDAFD2039F5F51 /* Pods_Lunr.framework */; };
		842984A61D74E3B20063F1B5 /* ProviderFlow.storyboard in Resources */ = {isa = PBXBuildFile; fileRef = 842984A51D74E3B20063F1B5 /* ProviderFlow.storyboard */; };
		842984A81D7524990063F1B5 /* ProviderHomeViewController.swift in Sources */ = {isa = PBXBuildFile; fileRef = 842984A71D7524990063F1B5 /* ProviderHomeViewController.swift */; };
		847133261D75C14400DD2045 /* LunrButton.swift in Sources */ = {isa = PBXBuildFile; fileRef = 847133251D75C14400DD2045 /* LunrButton.swift */; };
		8E4DE0B61D62ABAE0013C06C /* NibLoadableView.swift in Sources */ = {isa = PBXBuildFile; fileRef = 8E4DE0B51D62ABAE0013C06C /* NibLoadableView.swift */; };
		8E4DE0B81D62AFA10013C06C /* Provider.storyboard in Resources */ = {isa = PBXBuildFile; fileRef = 8E4DE0B71D62AFA10013C06C /* Provider.storyboard */; };
		8E6418D01D55585A00CC4928 /* BobbyTestViewController.swift in Sources */ = {isa = PBXBuildFile; fileRef = 8E6418CF1D55585A00CC4928 /* BobbyTestViewController.swift */; };
		8E6418D31D55585A00CC4928 /* (null) in Resources */ = {isa = PBXBuildFile; };
		8E6418D51D55585A00CC4928 /* Assets.xcassets in Resources */ = {isa = PBXBuildFile; fileRef = 8E6418D41D55585A00CC4928 /* Assets.xcassets */; };
		8E6418D81D55585A00CC4928 /* LaunchScreen.storyboard in Resources */ = {isa = PBXBuildFile; fileRef = 8E6418D61D55585A00CC4928 /* LaunchScreen.storyboard */; };
		8E6418E11D56780100CC4928 /* Login.storyboard in Resources */ = {isa = PBXBuildFile; fileRef = 8E6418E01D56780100CC4928 /* Login.storyboard */; };
		8E6418E31D56791700CC4928 /* FacebookViewController.swift in Sources */ = {isa = PBXBuildFile; fileRef = 8E6418E21D56791700CC4928 /* FacebookViewController.swift */; };
		8E6418E51D567FDE00CC4928 /* EmailViewController.swift in Sources */ = {isa = PBXBuildFile; fileRef = 8E6418E41D567FDE00CC4928 /* EmailViewController.swift */; };
		8E6418E71D5687B600CC4928 /* UIViewController+Utils.swift in Sources */ = {isa = PBXBuildFile; fileRef = 8E6418E61D5687B600CC4928 /* UIViewController+Utils.swift */; };
		8E6418EB1D56914E00CC4928 /* Bobby.storyboard in Resources */ = {isa = PBXBuildFile; fileRef = 8E6418EA1D56914E00CC4928 /* Bobby.storyboard */; };
		8E6418ED1D56921F00CC4928 /* SplashViewController.swift in Sources */ = {isa = PBXBuildFile; fileRef = 8E6418EC1D56921F00CC4928 /* SplashViewController.swift */; };
		8E6418F01D56E8FA00CC4928 /* Constants.swift in Sources */ = {isa = PBXBuildFile; fileRef = 8E6418EF1D56E8FA00CC4928 /* Constants.swift */; };
		8E6B6FC11D7B038D007C3C86 /* CallService.swift in Sources */ = {isa = PBXBuildFile; fileRef = 8E6B6FC01D7B038D007C3C86 /* CallService.swift */; };
		8E6B6FC31D7B03D8007C3C86 /* UserService.swift in Sources */ = {isa = PBXBuildFile; fileRef = 8E6B6FC21D7B03D8007C3C86 /* UserService.swift */; };
		8E9BB7631D5ECA18001FD26B /* CallViewController.swift in Sources */ = {isa = PBXBuildFile; fileRef = 8E9BB7621D5ECA18001FD26B /* CallViewController.swift */; };
		8EB459A81D7B05BA007D1EC3 /* QBUserService.swift in Sources */ = {isa = PBXBuildFile; fileRef = 8EB459A71D7B05BA007D1EC3 /* QBUserService.swift */; };
		8EC14D621D7DC2F600432E8A /* ReviewService.swift in Sources */ = {isa = PBXBuildFile; fileRef = 8EC14D611D7DC2F600432E8A /* ReviewService.swift */; };
		8EE9D4511D7684F500DB8C49 /* Call.swift in Sources */ = {isa = PBXBuildFile; fileRef = 8EE9D4501D7684F500DB8C49 /* Call.swift */; };
		8EE9D4571D793EAC00DB8C49 /* PaymentMethod.swift in Sources */ = {isa = PBXBuildFile; fileRef = 8EE9D4561D793EAC00DB8C49 /* PaymentMethod.swift */; };
		8EE9D4591D793EB500DB8C49 /* Review.swift in Sources */ = {isa = PBXBuildFile; fileRef = 8EE9D4581D793EB500DB8C49 /* Review.swift */; };
		8EE9D45B1D793EEC00DB8C49 /* User.swift in Sources */ = {isa = PBXBuildFile; fileRef = 8EE9D45A1D793EEC00DB8C49 /* User.swift */; };
		E50615801D7CB4AA001AC445 /* FeedbackViewController.swift in Sources */ = {isa = PBXBuildFile; fileRef = E506157F1D7CB4AA001AC445 /* FeedbackViewController.swift */; };
		E56164441D5678B700926692 /* ProviderTableViewCell.swift in Sources */ = {isa = PBXBuildFile; fileRef = E56164431D5678B700926692 /* ProviderTableViewCell.swift */; };
		E56164461D56818500926692 /* ProviderInfoView.swift in Sources */ = {isa = PBXBuildFile; fileRef = E56164451D56818500926692 /* ProviderInfoView.swift */; };
		E56164481D5689A900926692 /* ProviderInfoView.xib in Resources */ = {isa = PBXBuildFile; fileRef = E56164471D5689A900926692 /* ProviderInfoView.xib */; };
		E56164511D5EA81500926692 /* ProviderSkillTagCollectionViewCell.swift in Sources */ = {isa = PBXBuildFile; fileRef = E561644F1D5EA81500926692 /* ProviderSkillTagCollectionViewCell.swift */; };
		E56164541D5F78BB00926692 /* SortCategoryView.swift in Sources */ = {isa = PBXBuildFile; fileRef = E56164531D5F78BB00926692 /* SortCategoryView.swift */; };
		E56164561D5F78D500926692 /* SortCategoryView.xib in Resources */ = {isa = PBXBuildFile; fileRef = E56164551D5F78D500926692 /* SortCategoryView.xib */; };
		E561645B1D5F972700926692 /* AppDelegate.swift in Sources */ = {isa = PBXBuildFile; fileRef = 8E6418CD1D55585A00CC4928 /* AppDelegate.swift */; };
		E56164601D5F9AB200926692 /* Main.storyboard in Resources */ = {isa = PBXBuildFile; fileRef = E561645E1D5F9AB200926692 /* Main.storyboard */; };
		E56164631D61260700926692 /* UIView+Utils.swift in Sources */ = {isa = PBXBuildFile; fileRef = E56164621D61260700926692 /* UIView+Utils.swift */; };
		E56164651D689FFC00926692 /* UIColor+LunrColors.swift in Sources */ = {isa = PBXBuildFile; fileRef = E56164641D689FFC00926692 /* UIColor+LunrColors.swift */; };
		E56164671D6A13DF00926692 /* ProviderSkillTagCollectionViewCell.xib in Resources */ = {isa = PBXBuildFile; fileRef = E56164661D6A13DF00926692 /* ProviderSkillTagCollectionViewCell.xib */; };
		E561646E1D7257FE00926692 /* UIFont+LunrFonts.swift in Sources */ = {isa = PBXBuildFile; fileRef = E561646D1D7257FE00926692 /* UIFont+LunrFonts.swift */; };
		E581DA591D85D33E00275DBD /* StarRatingView.xib in Resources */ = {isa = PBXBuildFile; fileRef = E581DA581D85D33E00275DBD /* StarRatingView.xib */; };
		E581DA5B1D85D35300275DBD /* StarRatingView.swift in Sources */ = {isa = PBXBuildFile; fileRef = E581DA5A1D85D35300275DBD /* StarRatingView.swift */; };
		E581DA5C1D8EE68100275DBD /* ProviderListViewController.swift in Sources */ = {isa = PBXBuildFile; fileRef = E561644B1D57A2D300926692 /* ProviderListViewController.swift */; };
/* End PBXBuildFile section */

/* Begin PBXFileReference section */
		446144FC1D723DF3003B89F8 /* CallHistoryCell.swift */ = {isa = PBXFileReference; fileEncoding = 4; lastKnownFileType = sourcecode.swift; name = CallHistoryCell.swift; path = ../CallHistoryCell.swift; sourceTree = "<group>"; };
		44986F171D6A372800C6D0A7 /* DetailTableViewCell.xib */ = {isa = PBXFileReference; fileEncoding = 4; lastKnownFileType = file.xib; name = DetailTableViewCell.xib; path = Xibs/DetailTableViewCell.xib; sourceTree = "<group>"; };
		44986F261D6A3AC900C6D0A7 /* AccountSettingsViewController.swift */ = {isa = PBXFileReference; fileEncoding = 4; lastKnownFileType = sourcecode.swift; name = AccountSettingsViewController.swift; path = ../AccountSettingsViewController.swift; sourceTree = "<group>"; };
		44986F281D6A687200C6D0A7 /* AccountInfoCell.swift */ = {isa = PBXFileReference; fileEncoding = 4; lastKnownFileType = sourcecode.swift; name = AccountInfoCell.swift; path = ../AccountInfoCell.swift; sourceTree = "<group>"; };
		44BA7F361D7383A5006B347D /* EditAccountSettingsViewController.swift */ = {isa = PBXFileReference; fileEncoding = 4; lastKnownFileType = sourcecode.swift; name = EditAccountSettingsViewController.swift; path = ../EditAccountSettingsViewController.swift; sourceTree = "<group>"; };
		44BA7F381D73C822006B347D /* DetailTableViewCell.swift */ = {isa = PBXFileReference; fileEncoding = 4; lastKnownFileType = sourcecode.swift; path = DetailTableViewCell.swift; sourceTree = "<group>"; };
		44BA7F3C1D73C9CF006B347D /* ProviderDetailViewController.swift */ = {isa = PBXFileReference; fileEncoding = 4; lastKnownFileType = sourcecode.swift; path = ProviderDetailViewController.swift; sourceTree = "<group>"; };
		44BA7F401D73C9F5006B347D /* ReviewTableViewCell.swift */ = {isa = PBXFileReference; fileEncoding = 4; lastKnownFileType = sourcecode.swift; path = ReviewTableViewCell.swift; sourceTree = "<group>"; };
		44BA7F421D73CA04006B347D /* ReviewTableViewCell.xib */ = {isa = PBXFileReference; fileEncoding = 4; lastKnownFileType = file.xib; name = ReviewTableViewCell.xib; path = Xibs/ReviewTableViewCell.xib; sourceTree = "<group>"; };
		44BA7F441D73CB47006B347D /* Settings.storyboard */ = {isa = PBXFileReference; fileEncoding = 4; lastKnownFileType = file.storyboard; path = Settings.storyboard; sourceTree = "<group>"; };
		44BA7F461D77C198006B347D /* Randall.storyboard */ = {isa = PBXFileReference; fileEncoding = 4; lastKnownFileType = file.storyboard; path = Randall.storyboard; sourceTree = "<group>"; };
		5C54BC0FD155D9D86D43B7BC /* Pods-Lunr.debug.xcconfig */ = {isa = PBXFileReference; includeInIndex = 1; lastKnownFileType = text.xcconfig; name = "Pods-Lunr.debug.xcconfig"; path = "Pods/Target Support Files/Pods-Lunr/Pods-Lunr.debug.xcconfig"; sourceTree = "<group>"; };
		842984A51D74E3B20063F1B5 /* ProviderFlow.storyboard */ = {isa = PBXFileReference; fileEncoding = 4; lastKnownFileType = file.storyboard; path = ProviderFlow.storyboard; sourceTree = "<group>"; };
		842984A71D7524990063F1B5 /* ProviderHomeViewController.swift */ = {isa = PBXFileReference; fileEncoding = 4; lastKnownFileType = sourcecode.swift; path = ProviderHomeViewController.swift; sourceTree = "<group>"; };
		847133251D75C14400DD2045 /* LunrButton.swift */ = {isa = PBXFileReference; fileEncoding = 4; lastKnownFileType = sourcecode.swift; path = LunrButton.swift; sourceTree = "<group>"; };
		8E4DE0B51D62ABAE0013C06C /* NibLoadableView.swift */ = {isa = PBXFileReference; fileEncoding = 4; lastKnownFileType = sourcecode.swift; path = NibLoadableView.swift; sourceTree = "<group>"; };
		8E4DE0B71D62AFA10013C06C /* Provider.storyboard */ = {isa = PBXFileReference; fileEncoding = 4; lastKnownFileType = file.storyboard; path = Provider.storyboard; sourceTree = "<group>"; };
		8E6418CA1D55585A00CC4928 /* Lunr.app */ = {isa = PBXFileReference; explicitFileType = wrapper.application; includeInIndex = 0; path = Lunr.app; sourceTree = BUILT_PRODUCTS_DIR; };
		8E6418CD1D55585A00CC4928 /* AppDelegate.swift */ = {isa = PBXFileReference; lastKnownFileType = sourcecode.swift; path = AppDelegate.swift; sourceTree = "<group>"; };
		8E6418CF1D55585A00CC4928 /* BobbyTestViewController.swift */ = {isa = PBXFileReference; lastKnownFileType = sourcecode.swift; path = BobbyTestViewController.swift; sourceTree = "<group>"; };
		8E6418D41D55585A00CC4928 /* Assets.xcassets */ = {isa = PBXFileReference; lastKnownFileType = folder.assetcatalog; path = Assets.xcassets; sourceTree = "<group>"; };
		8E6418D71D55585A00CC4928 /* Base */ = {isa = PBXFileReference; lastKnownFileType = file.storyboard; name = Base; path = Base.lproj/LaunchScreen.storyboard; sourceTree = "<group>"; };
		8E6418D91D55585A00CC4928 /* Info.plist */ = {isa = PBXFileReference; lastKnownFileType = text.plist.xml; path = Info.plist; sourceTree = "<group>"; };
		8E6418E01D56780100CC4928 /* Login.storyboard */ = {isa = PBXFileReference; fileEncoding = 4; lastKnownFileType = file.storyboard; path = Login.storyboard; sourceTree = "<group>"; };
		8E6418E21D56791700CC4928 /* FacebookViewController.swift */ = {isa = PBXFileReference; fileEncoding = 4; lastKnownFileType = sourcecode.swift; path = FacebookViewController.swift; sourceTree = "<group>"; };
		8E6418E41D567FDE00CC4928 /* EmailViewController.swift */ = {isa = PBXFileReference; fileEncoding = 4; lastKnownFileType = sourcecode.swift; path = EmailViewController.swift; sourceTree = "<group>"; };
		8E6418E61D5687B600CC4928 /* UIViewController+Utils.swift */ = {isa = PBXFileReference; fileEncoding = 4; lastKnownFileType = sourcecode.swift; path = "UIViewController+Utils.swift"; sourceTree = "<group>"; };
		8E6418EA1D56914E00CC4928 /* Bobby.storyboard */ = {isa = PBXFileReference; fileEncoding = 4; lastKnownFileType = file.storyboard; path = Bobby.storyboard; sourceTree = "<group>"; };
		8E6418EC1D56921F00CC4928 /* SplashViewController.swift */ = {isa = PBXFileReference; fileEncoding = 4; lastKnownFileType = sourcecode.swift; path = SplashViewController.swift; sourceTree = "<group>"; };
		8E6418EF1D56E8FA00CC4928 /* Constants.swift */ = {isa = PBXFileReference; fileEncoding = 4; lastKnownFileType = sourcecode.swift; path = Constants.swift; sourceTree = "<group>"; };
		8E6B6FC01D7B038D007C3C86 /* CallService.swift */ = {isa = PBXFileReference; fileEncoding = 4; lastKnownFileType = sourcecode.swift; path = CallService.swift; sourceTree = "<group>"; };
		8E6B6FC21D7B03D8007C3C86 /* UserService.swift */ = {isa = PBXFileReference; fileEncoding = 4; lastKnownFileType = sourcecode.swift; path = UserService.swift; sourceTree = "<group>"; };
		8E9BB7401D5EC3C0001FD26B /* QuartzCore.framework */ = {isa = PBXFileReference; lastKnownFileType = wrapper.framework; name = QuartzCore.framework; path = System/Library/Frameworks/QuartzCore.framework; sourceTree = SDKROOT; };
		8E9BB7421D5EC3CA001FD26B /* OpenGLES.framework */ = {isa = PBXFileReference; lastKnownFileType = wrapper.framework; name = OpenGLES.framework; path = System/Library/Frameworks/OpenGLES.framework; sourceTree = SDKROOT; };
		8E9BB7441D5EC3D3001FD26B /* CoreGraphics.framework */ = {isa = PBXFileReference; lastKnownFileType = wrapper.framework; name = CoreGraphics.framework; path = System/Library/Frameworks/CoreGraphics.framework; sourceTree = SDKROOT; };
		8E9BB7461D5EC3D9001FD26B /* CoreVideo.framework */ = {isa = PBXFileReference; lastKnownFileType = wrapper.framework; name = CoreVideo.framework; path = System/Library/Frameworks/CoreVideo.framework; sourceTree = SDKROOT; };
		8E9BB7481D5EC3DD001FD26B /* CoreMedia.framework */ = {isa = PBXFileReference; lastKnownFileType = wrapper.framework; name = CoreMedia.framework; path = System/Library/Frameworks/CoreMedia.framework; sourceTree = SDKROOT; };
		8E9BB74A1D5EC3E3001FD26B /* CoreAudio.framework */ = {isa = PBXFileReference; lastKnownFileType = wrapper.framework; name = CoreAudio.framework; path = System/Library/Frameworks/CoreAudio.framework; sourceTree = SDKROOT; };
		8E9BB74C1D5EC3EA001FD26B /* AVFoundation.framework */ = {isa = PBXFileReference; lastKnownFileType = wrapper.framework; name = AVFoundation.framework; path = System/Library/Frameworks/AVFoundation.framework; sourceTree = SDKROOT; };
		8E9BB74E1D5EC3F0001FD26B /* AudioToolbox.framework */ = {isa = PBXFileReference; lastKnownFileType = wrapper.framework; name = AudioToolbox.framework; path = System/Library/Frameworks/AudioToolbox.framework; sourceTree = SDKROOT; };
		8E9BB7501D5EC3F6001FD26B /* GLKit.framework */ = {isa = PBXFileReference; lastKnownFileType = wrapper.framework; name = GLKit.framework; path = System/Library/Frameworks/GLKit.framework; sourceTree = SDKROOT; };
		8E9BB7521D5EC3FC001FD26B /* CFNetwork.framework */ = {isa = PBXFileReference; lastKnownFileType = wrapper.framework; name = CFNetwork.framework; path = System/Library/Frameworks/CFNetwork.framework; sourceTree = SDKROOT; };
		8E9BB7541D5EC401001FD26B /* Security.framework */ = {isa = PBXFileReference; lastKnownFileType = wrapper.framework; name = Security.framework; path = System/Library/Frameworks/Security.framework; sourceTree = SDKROOT; };
		8E9BB7561D5EC410001FD26B /* libsqlite3.tbd */ = {isa = PBXFileReference; lastKnownFileType = "sourcecode.text-based-dylib-definition"; name = libsqlite3.tbd; path = usr/lib/libsqlite3.tbd; sourceTree = SDKROOT; };
		8E9BB7581D5EC417001FD26B /* libstdc++.6.tbd */ = {isa = PBXFileReference; lastKnownFileType = "sourcecode.text-based-dylib-definition"; name = "libstdc++.6.tbd"; path = "usr/lib/libstdc++.6.tbd"; sourceTree = SDKROOT; };
		8E9BB75A1D5EC41C001FD26B /* libicucore.tbd */ = {isa = PBXFileReference; lastKnownFileType = "sourcecode.text-based-dylib-definition"; name = libicucore.tbd; path = usr/lib/libicucore.tbd; sourceTree = SDKROOT; };
		8E9BB75C1D5EC423001FD26B /* libc++.tbd */ = {isa = PBXFileReference; lastKnownFileType = "sourcecode.text-based-dylib-definition"; name = "libc++.tbd"; path = "usr/lib/libc++.tbd"; sourceTree = SDKROOT; };
		8E9BB7621D5ECA18001FD26B /* CallViewController.swift */ = {isa = PBXFileReference; fileEncoding = 4; lastKnownFileType = sourcecode.swift; path = CallViewController.swift; sourceTree = "<group>"; };
		8E9BB7641D5ECC83001FD26B /* Lunr-Bridging-Header.h */ = {isa = PBXFileReference; lastKnownFileType = sourcecode.c.h; path = "Lunr-Bridging-Header.h"; sourceTree = "<group>"; };
		8EB459A71D7B05BA007D1EC3 /* QBUserService.swift */ = {isa = PBXFileReference; fileEncoding = 4; lastKnownFileType = sourcecode.swift; path = QBUserService.swift; sourceTree = "<group>"; };
		8EC14D611D7DC2F600432E8A /* ReviewService.swift */ = {isa = PBXFileReference; fileEncoding = 4; lastKnownFileType = sourcecode.swift; path = ReviewService.swift; sourceTree = "<group>"; };
		8EE9D4501D7684F500DB8C49 /* Call.swift */ = {isa = PBXFileReference; fileEncoding = 4; lastKnownFileType = sourcecode.swift; path = Call.swift; sourceTree = "<group>"; };
		8EE9D4561D793EAC00DB8C49 /* PaymentMethod.swift */ = {isa = PBXFileReference; fileEncoding = 4; lastKnownFileType = sourcecode.swift; path = PaymentMethod.swift; sourceTree = "<group>"; };
		8EE9D4581D793EB500DB8C49 /* Review.swift */ = {isa = PBXFileReference; fileEncoding = 4; lastKnownFileType = sourcecode.swift; path = Review.swift; sourceTree = "<group>"; };
		8EE9D45A1D793EEC00DB8C49 /* User.swift */ = {isa = PBXFileReference; fileEncoding = 4; lastKnownFileType = sourcecode.swift; path = User.swift; sourceTree = "<group>"; };
		E3AC8E500CB0F49EA332D9F1 /* Pods-Lunr.release.xcconfig */ = {isa = PBXFileReference; includeInIndex = 1; lastKnownFileType = text.xcconfig; name = "Pods-Lunr.release.xcconfig"; path = "Pods/Target Support Files/Pods-Lunr/Pods-Lunr.release.xcconfig"; sourceTree = "<group>"; };
		E506157F1D7CB4AA001AC445 /* FeedbackViewController.swift */ = {isa = PBXFileReference; fileEncoding = 4; lastKnownFileType = sourcecode.swift; path = FeedbackViewController.swift; sourceTree = "<group>"; };
		E56164431D5678B700926692 /* ProviderTableViewCell.swift */ = {isa = PBXFileReference; fileEncoding = 4; lastKnownFileType = sourcecode.swift; path = ProviderTableViewCell.swift; sourceTree = "<group>"; };
		E56164451D56818500926692 /* ProviderInfoView.swift */ = {isa = PBXFileReference; fileEncoding = 4; lastKnownFileType = sourcecode.swift; path = ProviderInfoView.swift; sourceTree = "<group>"; };
		E56164471D5689A900926692 /* ProviderInfoView.xib */ = {isa = PBXFileReference; fileEncoding = 4; lastKnownFileType = file.xib; name = ProviderInfoView.xib; path = Xibs/ProviderInfoView.xib; sourceTree = "<group>"; };
		E561644B1D57A2D300926692 /* ProviderListViewController.swift */ = {isa = PBXFileReference; fileEncoding = 4; lastKnownFileType = sourcecode.swift; path = ProviderListViewController.swift; sourceTree = "<group>"; };
		E561644F1D5EA81500926692 /* ProviderSkillTagCollectionViewCell.swift */ = {isa = PBXFileReference; fileEncoding = 4; lastKnownFileType = sourcecode.swift; path = ProviderSkillTagCollectionViewCell.swift; sourceTree = "<group>"; };
		E56164531D5F78BB00926692 /* SortCategoryView.swift */ = {isa = PBXFileReference; fileEncoding = 4; lastKnownFileType = sourcecode.swift; path = SortCategoryView.swift; sourceTree = "<group>"; };
		E56164551D5F78D500926692 /* SortCategoryView.xib */ = {isa = PBXFileReference; fileEncoding = 4; lastKnownFileType = file.xib; name = SortCategoryView.xib; path = Xibs/SortCategoryView.xib; sourceTree = "<group>"; };
		E561645F1D5F9AB200926692 /* Base */ = {isa = PBXFileReference; lastKnownFileType = file.storyboard; name = Base; path = Base.lproj/Main.storyboard; sourceTree = "<group>"; };
		E56164621D61260700926692 /* UIView+Utils.swift */ = {isa = PBXFileReference; fileEncoding = 4; lastKnownFileType = sourcecode.swift; path = "UIView+Utils.swift"; sourceTree = "<group>"; };
		E56164641D689FFC00926692 /* UIColor+LunrColors.swift */ = {isa = PBXFileReference; fileEncoding = 4; lastKnownFileType = sourcecode.swift; path = "UIColor+LunrColors.swift"; sourceTree = "<group>"; };
		E56164661D6A13DF00926692 /* ProviderSkillTagCollectionViewCell.xib */ = {isa = PBXFileReference; fileEncoding = 4; lastKnownFileType = file.xib; name = ProviderSkillTagCollectionViewCell.xib; path = Xibs/ProviderSkillTagCollectionViewCell.xib; sourceTree = "<group>"; };
		E561646D1D7257FE00926692 /* UIFont+LunrFonts.swift */ = {isa = PBXFileReference; fileEncoding = 4; lastKnownFileType = sourcecode.swift; path = "UIFont+LunrFonts.swift"; sourceTree = "<group>"; };
		E581DA581D85D33E00275DBD /* StarRatingView.xib */ = {isa = PBXFileReference; fileEncoding = 4; lastKnownFileType = file.xib; name = StarRatingView.xib; path = Xibs/StarRatingView.xib; sourceTree = "<group>"; };
		E581DA5A1D85D35300275DBD /* StarRatingView.swift */ = {isa = PBXFileReference; fileEncoding = 4; lastKnownFileType = sourcecode.swift; path = StarRatingView.swift; sourceTree = "<group>"; };
		FD30739001DDAFD2039F5F51 /* Pods_Lunr.framework */ = {isa = PBXFileReference; explicitFileType = wrapper.framework; includeInIndex = 0; path = Pods_Lunr.framework; sourceTree = BUILT_PRODUCTS_DIR; };
/* End PBXFileReference section */

/* Begin PBXFrameworksBuildPhase section */
		8E6418C71D55585A00CC4928 /* Frameworks */ = {
			isa = PBXFrameworksBuildPhase;
			buildActionMask = 2147483647;
			files = (
				6441927D0CD7E83D78420929 /* Pods_Lunr.framework in Frameworks */,
			);
			runOnlyForDeploymentPostprocessing = 0;
		};
/* End PBXFrameworksBuildPhase section */

/* Begin PBXGroup section */
		18844B50C98276A61627ABDB /* Frameworks */ = {
			isa = PBXGroup;
			children = (
				FD30739001DDAFD2039F5F51 /* Pods_Lunr.framework */,
			);
			name = Frameworks;
			sourceTree = "<group>";
		};
		1B1E6AD3D6E76069ECF744BF /* Pods */ = {
			isa = PBXGroup;
			children = (
				8E9BB75C1D5EC423001FD26B /* libc++.tbd */,
				8E9BB75A1D5EC41C001FD26B /* libicucore.tbd */,
				8E9BB7581D5EC417001FD26B /* libstdc++.6.tbd */,
				8E9BB7561D5EC410001FD26B /* libsqlite3.tbd */,
				8E9BB7541D5EC401001FD26B /* Security.framework */,
				8E9BB7521D5EC3FC001FD26B /* CFNetwork.framework */,
				8E9BB7501D5EC3F6001FD26B /* GLKit.framework */,
				8E9BB74E1D5EC3F0001FD26B /* AudioToolbox.framework */,
				8E9BB74C1D5EC3EA001FD26B /* AVFoundation.framework */,
				8E9BB74A1D5EC3E3001FD26B /* CoreAudio.framework */,
				8E9BB7481D5EC3DD001FD26B /* CoreMedia.framework */,
				8E9BB7461D5EC3D9001FD26B /* CoreVideo.framework */,
				8E9BB7441D5EC3D3001FD26B /* CoreGraphics.framework */,
				8E9BB7421D5EC3CA001FD26B /* OpenGLES.framework */,
				8E9BB7401D5EC3C0001FD26B /* QuartzCore.framework */,
				5C54BC0FD155D9D86D43B7BC /* Pods-Lunr.debug.xcconfig */,
				E3AC8E500CB0F49EA332D9F1 /* Pods-Lunr.release.xcconfig */,
			);
			name = Pods;
			sourceTree = "<group>";
		};
		847133271D7649BC00DD2045 /* Services */ = {
			isa = PBXGroup;
			children = (
				8E6B6FC01D7B038D007C3C86 /* CallService.swift */,
				8EB459A71D7B05BA007D1EC3 /* QBUserService.swift */,
				8EC14D611D7DC2F600432E8A /* ReviewService.swift */,
				8E6B6FC21D7B03D8007C3C86 /* UserService.swift */,
			);
			path = Services;
			sourceTree = "<group>";
		};
		8E6418C11D55585900CC4928 = {
			isa = PBXGroup;
			children = (
				8E6418CC1D55585A00CC4928 /* Lunr */,
				8E6418CB1D55585A00CC4928 /* Products */,
				1B1E6AD3D6E76069ECF744BF /* Pods */,
				18844B50C98276A61627ABDB /* Frameworks */,
			);
			sourceTree = "<group>";
		};
		8E6418CB1D55585A00CC4928 /* Products */ = {
			isa = PBXGroup;
			children = (
				8E6418CA1D55585A00CC4928 /* Lunr.app */,
			);
			name = Products;
			sourceTree = "<group>";
		};
		8E6418CC1D55585A00CC4928 /* Lunr */ = {
			isa = PBXGroup;
			children = (
				847133271D7649BC00DD2045 /* Services */,
				E561646C1D6A458C00926692 /* Models */,
				E56164611D6125F100926692 /* Categories */,
				8EB459A91D7B0602007D1EC3 /* Main Controllers */,
				8E6418EE1D56981700CC4928 /* Client Flow Controllers */,
				8E6B6FC41D7B050A007C3C86 /* Provider Flow Controllers */,
				8E6418DF1D5677E300CC4928 /* Storyboards */,
				8E9BB7641D5ECC83001FD26B /* Lunr-Bridging-Header.h */,
				8E6418CD1D55585A00CC4928 /* AppDelegate.swift */,
				8E6418EF1D56E8FA00CC4928 /* Constants.swift */,
				8E6418D41D55585A00CC4928 /* Assets.xcassets */,
				8E6418D91D55585A00CC4928 /* Info.plist */,
				E561643F1D56781700926692 /* Views */,
				E56164571D5F7BC000926692 /* Xibs */,
			);
			path = Lunr;
			sourceTree = "<group>";
		};
		8E6418DF1D5677E300CC4928 /* Storyboards */ = {
			isa = PBXGroup;
			children = (
				8E6418EA1D56914E00CC4928 /* Bobby.storyboard */,
				8E6418D61D55585A00CC4928 /* LaunchScreen.storyboard */,
				8E6418E01D56780100CC4928 /* Login.storyboard */,
				E561645E1D5F9AB200926692 /* Main.storyboard */,
				8E4DE0B71D62AFA10013C06C /* Provider.storyboard */,
				842984A51D74E3B20063F1B5 /* ProviderFlow.storyboard */,
				44BA7F461D77C198006B347D /* Randall.storyboard */,
				44BA7F441D73CB47006B347D /* Settings.storyboard */,
			);
			path = Storyboards;
			sourceTree = "<group>";
		};
		8E6418EE1D56981700CC4928 /* Client Flow Controllers */ = {
			isa = PBXGroup;
			children = (
				44986F261D6A3AC900C6D0A7 /* AccountSettingsViewController.swift */,
				8E9BB7621D5ECA18001FD26B /* CallViewController.swift */,
				44BA7F361D7383A5006B347D /* EditAccountSettingsViewController.swift */,
				44BA7F3C1D73C9CF006B347D /* ProviderDetailViewController.swift */,
				E561644B1D57A2D300926692 /* ProviderListViewController.swift */,
			);
			name = "Client Flow Controllers";
			path = Controllers;
			sourceTree = "<group>";
		};
		8E6B6FC41D7B050A007C3C86 /* Provider Flow Controllers */ = {
			isa = PBXGroup;
			children = (
				8E6418E41D567FDE00CC4928 /* EmailViewController.swift */,
				8E6418E21D56791700CC4928 /* FacebookViewController.swift */,
				E506157F1D7CB4AA001AC445 /* FeedbackViewController.swift */,
				842984A71D7524990063F1B5 /* ProviderHomeViewController.swift */,
				8E6418EC1D56921F00CC4928 /* SplashViewController.swift */,
			);
			name = "Provider Flow Controllers";
			path = Controllers;
			sourceTree = "<group>";
		};
		8EB459A91D7B0602007D1EC3 /* Main Controllers */ = {
			isa = PBXGroup;
			children = (
				8E6418CF1D55585A00CC4928 /* BobbyTestViewController.swift */,
			);
			name = "Main Controllers";
			path = Controllers;
			sourceTree = "<group>";
		};
		E561643F1D56781700926692 /* Views */ = {
			isa = PBXGroup;
			children = (
				44986F281D6A687200C6D0A7 /* AccountInfoCell.swift */,
				446144FC1D723DF3003B89F8 /* CallHistoryCell.swift */,
				44BA7F381D73C822006B347D /* DetailTableViewCell.swift */,
				847133251D75C14400DD2045 /* LunrButton.swift */,
				8E4DE0B51D62ABAE0013C06C /* NibLoadableView.swift */,
				E56164451D56818500926692 /* ProviderInfoView.swift */,
				E561644F1D5EA81500926692 /* ProviderSkillTagCollectionViewCell.swift */,
				E56164431D5678B700926692 /* ProviderTableViewCell.swift */,
				44BA7F401D73C9F5006B347D /* ReviewTableViewCell.swift */,
				E56164531D5F78BB00926692 /* SortCategoryView.swift */,
				E581DA5A1D85D35300275DBD /* StarRatingView.swift */,
			);
			path = Views;
			sourceTree = "<group>";
		};
		E56164571D5F7BC000926692 /* Xibs */ = {
			isa = PBXGroup;
			children = (
				44986F171D6A372800C6D0A7 /* DetailTableViewCell.xib */,
				E56164471D5689A900926692 /* ProviderInfoView.xib */,
				E56164661D6A13DF00926692 /* ProviderSkillTagCollectionViewCell.xib */,
				44BA7F421D73CA04006B347D /* ReviewTableViewCell.xib */,
				E56164551D5F78D500926692 /* SortCategoryView.xib */,
				E581DA581D85D33E00275DBD /* StarRatingView.xib */,
			);
			name = Xibs;
			sourceTree = "<group>";
		};
		E56164611D6125F100926692 /* Categories */ = {
			isa = PBXGroup;
			children = (
				E56164641D689FFC00926692 /* UIColor+LunrColors.swift */,
				E561646D1D7257FE00926692 /* UIFont+LunrFonts.swift */,
				E56164621D61260700926692 /* UIView+Utils.swift */,
				8E6418E61D5687B600CC4928 /* UIViewController+Utils.swift */,
			);
			path = Categories;
			sourceTree = "<group>";
		};
		E561646C1D6A458C00926692 /* Models */ = {
			isa = PBXGroup;
			children = (
				8EE9D4501D7684F500DB8C49 /* Call.swift */,
				8EE9D4561D793EAC00DB8C49 /* PaymentMethod.swift */,
				8EE9D4581D793EB500DB8C49 /* Review.swift */,
				8EE9D45A1D793EEC00DB8C49 /* User.swift */,
			);
			path = Models;
			sourceTree = "<group>";
		};
/* End PBXGroup section */

/* Begin PBXNativeTarget section */
		8E6418C91D55585A00CC4928 /* Lunr */ = {
			isa = PBXNativeTarget;
			buildConfigurationList = 8E6418DC1D55585A00CC4928 /* Build configuration list for PBXNativeTarget "Lunr" */;
			buildPhases = (
				AE744D1592AF43D8FB1B7259 /* [CP] Check Pods Manifest.lock */,
				8E6418C61D55585A00CC4928 /* Sources */,
				8E6418C71D55585A00CC4928 /* Frameworks */,
				8E6418C81D55585A00CC4928 /* Resources */,
				377C4CBFA0D48DE18BCAA486 /* [CP] Embed Pods Frameworks */,
				BE777C20A5A947303BEE3501 /* [CP] Copy Pods Resources */,
				8E507A1C1D794E4B00E12415 /* ShellScript */,
				8E4D012E1D7C5ED5003A11DA /* ShellScript */,
			);
			buildRules = (
			);
			dependencies = (
			);
			name = Lunr;
			productName = Lunr;
			productReference = 8E6418CA1D55585A00CC4928 /* Lunr.app */;
			productType = "com.apple.product-type.application";
		};
/* End PBXNativeTarget section */

/* Begin PBXProject section */
		8E6418C21D55585900CC4928 /* Project object */ = {
			isa = PBXProject;
			attributes = {
				LastSwiftUpdateCheck = 0730;
				LastUpgradeCheck = 0730;
				ORGANIZATIONNAME = "Bobby Ren";
				TargetAttributes = {
					8E6418C91D55585A00CC4928 = {
						CreatedOnToolsVersion = 7.3.1;
						DevelopmentTeam = H799H8B8DD;
					};
				};
			};
			buildConfigurationList = 8E6418C51D55585900CC4928 /* Build configuration list for PBXProject "Lunr" */;
			compatibilityVersion = "Xcode 3.2";
			developmentRegion = English;
			hasScannedForEncodings = 0;
			knownRegions = (
				en,
				Base,
			);
			mainGroup = 8E6418C11D55585900CC4928;
			productRefGroup = 8E6418CB1D55585A00CC4928 /* Products */;
			projectDirPath = "";
			projectRoot = "";
			targets = (
				8E6418C91D55585A00CC4928 /* Lunr */,
			);
		};
/* End PBXProject section */

/* Begin PBXResourcesBuildPhase section */
		8E6418C81D55585A00CC4928 /* Resources */ = {
			isa = PBXResourcesBuildPhase;
			buildActionMask = 2147483647;
			files = (
				8E4DE0B81D62AFA10013C06C /* Provider.storyboard in Resources */,
				8E6418EB1D56914E00CC4928 /* Bobby.storyboard in Resources */,
				44BA7F431D73CA04006B347D /* ReviewTableViewCell.xib in Resources */,
				E56164601D5F9AB200926692 /* Main.storyboard in Resources */,
				8E6418E11D56780100CC4928 /* Login.storyboard in Resources */,
				842984A61D74E3B20063F1B5 /* ProviderFlow.storyboard in Resources */,
				E56164671D6A13DF00926692 /* ProviderSkillTagCollectionViewCell.xib in Resources */,
				44BA7F451D73CB47006B347D /* Settings.storyboard in Resources */,
				44BA7F471D77C198006B347D /* Randall.storyboard in Resources */,
				E56164561D5F78D500926692 /* SortCategoryView.xib in Resources */,
				8E6418D81D55585A00CC4928 /* LaunchScreen.storyboard in Resources */,
				8E6418D51D55585A00CC4928 /* Assets.xcassets in Resources */,
				44986F1F1D6A372800C6D0A7 /* DetailTableViewCell.xib in Resources */,
				E581DA591D85D33E00275DBD /* StarRatingView.xib in Resources */,
				8E6418D31D55585A00CC4928 /* (null) in Resources */,
				E56164481D5689A900926692 /* ProviderInfoView.xib in Resources */,
			);
			runOnlyForDeploymentPostprocessing = 0;
		};
/* End PBXResourcesBuildPhase section */

/* Begin PBXShellScriptBuildPhase section */
		377C4CBFA0D48DE18BCAA486 /* [CP] Embed Pods Frameworks */ = {
			isa = PBXShellScriptBuildPhase;
			buildActionMask = 2147483647;
			files = (
			);
			inputPaths = (
			);
			name = "[CP] Embed Pods Frameworks";
			outputPaths = (
			);
			runOnlyForDeploymentPostprocessing = 0;
			shellPath = /bin/sh;
			shellScript = "\"${SRCROOT}/Pods/Target Support Files/Pods-Lunr/Pods-Lunr-frameworks.sh\"\n";
			showEnvVarsInLog = 0;
		};
		8E4D012E1D7C5ED5003A11DA /* ShellScript */ = {
			isa = PBXShellScriptBuildPhase;
			buildActionMask = 2147483647;
			files = (
			);
			inputPaths = (
			);
			outputPaths = (
			);
			runOnlyForDeploymentPostprocessing = 0;
			shellPath = /bin/sh;
			shellScript = "bash \"${BUILT_PRODUCTS_DIR}/${FRAMEWORKS_FOLDER_PATH}/Quickblox.framework/strip-framework.sh\"\n";
		};
		8E507A1C1D794E4B00E12415 /* ShellScript */ = {
			isa = PBXShellScriptBuildPhase;
			buildActionMask = 2147483647;
			files = (
			);
			inputPaths = (
			);
			outputPaths = (
			);
			runOnlyForDeploymentPostprocessing = 0;
			shellPath = /bin/sh;
			shellScript = "\"${PODS_ROOT}/Fabric/run\" b721eacab2230f0d8a20ca887d75b31784b433c4 5d2754ef6dbcdc967b222d434090ab04723a33fb94bfcf518a802dc0e4345c8a\n";
		};
		AE744D1592AF43D8FB1B7259 /* [CP] Check Pods Manifest.lock */ = {
			isa = PBXShellScriptBuildPhase;
			buildActionMask = 2147483647;
			files = (
			);
			inputPaths = (
			);
			name = "[CP] Check Pods Manifest.lock";
			outputPaths = (
			);
			runOnlyForDeploymentPostprocessing = 0;
			shellPath = /bin/sh;
			shellScript = "diff \"${PODS_ROOT}/../Podfile.lock\" \"${PODS_ROOT}/Manifest.lock\" > /dev/null\nif [[ $? != 0 ]] ; then\n    cat << EOM\nerror: The sandbox is not in sync with the Podfile.lock. Run 'pod install' or update your CocoaPods installation.\nEOM\n    exit 1\nfi\n";
			showEnvVarsInLog = 0;
		};
		BE777C20A5A947303BEE3501 /* [CP] Copy Pods Resources */ = {
			isa = PBXShellScriptBuildPhase;
			buildActionMask = 2147483647;
			files = (
			);
			inputPaths = (
			);
			name = "[CP] Copy Pods Resources";
			outputPaths = (
			);
			runOnlyForDeploymentPostprocessing = 0;
			shellPath = /bin/sh;
			shellScript = "\"${SRCROOT}/Pods/Target Support Files/Pods-Lunr/Pods-Lunr-resources.sh\"\n";
			showEnvVarsInLog = 0;
		};
/* End PBXShellScriptBuildPhase section */

/* Begin PBXSourcesBuildPhase section */
		8E6418C61D55585A00CC4928 /* Sources */ = {
			isa = PBXSourcesBuildPhase;
			buildActionMask = 2147483647;
			files = (
				E561645B1D5F972700926692 /* AppDelegate.swift in Sources */,
				8E6418E31D56791700CC4928 /* FacebookViewController.swift in Sources */,
				44BA7F3D1D73C9CF006B347D /* ProviderDetailViewController.swift in Sources */,
				8E6418D01D55585A00CC4928 /* BobbyTestViewController.swift in Sources */,
				8E4DE0B61D62ABAE0013C06C /* NibLoadableView.swift in Sources */,
				847133261D75C14400DD2045 /* LunrButton.swift in Sources */,
				8E6B6FC31D7B03D8007C3C86 /* UserService.swift in Sources */,
				E561646E1D7257FE00926692 /* UIFont+LunrFonts.swift in Sources */,
				8E6418E51D567FDE00CC4928 /* EmailViewController.swift in Sources */,
				44BA7F371D7383A5006B347D /* EditAccountSettingsViewController.swift in Sources */,
				E581DA5C1D8EE68100275DBD /* ProviderListViewController.swift in Sources */,
				44986F271D6A3AC900C6D0A7 /* AccountSettingsViewController.swift in Sources */,
				8E6418ED1D56921F00CC4928 /* SplashViewController.swift in Sources */,
				8E6418F01D56E8FA00CC4928 /* Constants.swift in Sources */,
				44986F291D6A687200C6D0A7 /* AccountInfoCell.swift in Sources */,
				E50615801D7CB4AA001AC445 /* FeedbackViewController.swift in Sources */,
				8EE9D4511D7684F500DB8C49 /* Call.swift in Sources */,
				8EB459A81D7B05BA007D1EC3 /* QBUserService.swift in Sources */,
				E56164651D689FFC00926692 /* UIColor+LunrColors.swift in Sources */,
				8EC14D621D7DC2F600432E8A /* ReviewService.swift in Sources */,
				E581DA5B1D85D35300275DBD /* StarRatingView.swift in Sources */,
				8EE9D4591D793EB500DB8C49 /* Review.swift in Sources */,
				44BA7F391D73C822006B347D /* DetailTableViewCell.swift in Sources */,
				8E9BB7631D5ECA18001FD26B /* CallViewController.swift in Sources */,
				8E6418E71D5687B600CC4928 /* UIViewController+Utils.swift in Sources */,
				446144FD1D723DF3003B89F8 /* CallHistoryCell.swift in Sources */,
				842984A81D7524990063F1B5 /* ProviderHomeViewController.swift in Sources */,
				8EE9D45B1D793EEC00DB8C49 /* User.swift in Sources */,
				E56164441D5678B700926692 /* ProviderTableViewCell.swift in Sources */,
				E56164631D61260700926692 /* UIView+Utils.swift in Sources */,
				E56164511D5EA81500926692 /* ProviderSkillTagCollectionViewCell.swift in Sources */,
				44BA7F411D73C9F5006B347D /* ReviewTableViewCell.swift in Sources */,
				E56164541D5F78BB00926692 /* SortCategoryView.swift in Sources */,
				E56164461D56818500926692 /* ProviderInfoView.swift in Sources */,
				8EE9D4571D793EAC00DB8C49 /* PaymentMethod.swift in Sources */,
				8E6B6FC11D7B038D007C3C86 /* CallService.swift in Sources */,
			);
			runOnlyForDeploymentPostprocessing = 0;
		};
/* End PBXSourcesBuildPhase section */

/* Begin PBXVariantGroup section */
		8E6418D61D55585A00CC4928 /* LaunchScreen.storyboard */ = {
			isa = PBXVariantGroup;
			children = (
				8E6418D71D55585A00CC4928 /* Base */,
			);
			name = LaunchScreen.storyboard;
			path = ..;
			sourceTree = "<group>";
		};
		E561645E1D5F9AB200926692 /* Main.storyboard */ = {
			isa = PBXVariantGroup;
			children = (
				E561645F1D5F9AB200926692 /* Base */,
			);
			name = Main.storyboard;
			path = ..;
			sourceTree = "<group>";
		};
/* End PBXVariantGroup section */

/* Begin XCBuildConfiguration section */
		8E6418DA1D55585A00CC4928 /* Debug */ = {
			isa = XCBuildConfiguration;
			buildSettings = {
				ALWAYS_SEARCH_USER_PATHS = NO;
				CLANG_ANALYZER_NONNULL = YES;
				CLANG_CXX_LANGUAGE_STANDARD = "gnu++0x";
				CLANG_CXX_LIBRARY = "libc++";
				CLANG_ENABLE_MODULES = YES;
				CLANG_ENABLE_OBJC_ARC = YES;
				CLANG_WARN_BOOL_CONVERSION = YES;
				CLANG_WARN_CONSTANT_CONVERSION = YES;
				CLANG_WARN_DIRECT_OBJC_ISA_USAGE = YES_ERROR;
				CLANG_WARN_EMPTY_BODY = YES;
				CLANG_WARN_ENUM_CONVERSION = YES;
				CLANG_WARN_INT_CONVERSION = YES;
				CLANG_WARN_OBJC_ROOT_CLASS = YES_ERROR;
				CLANG_WARN_UNREACHABLE_CODE = YES;
				CLANG_WARN__DUPLICATE_METHOD_MATCH = YES;
				"CODE_SIGN_IDENTITY[sdk=iphoneos*]" = "iPhone Developer";
				COPY_PHASE_STRIP = NO;
				DEBUG_INFORMATION_FORMAT = dwarf;
				ENABLE_STRICT_OBJC_MSGSEND = YES;
				ENABLE_TESTABILITY = YES;
				GCC_C_LANGUAGE_STANDARD = gnu99;
				GCC_DYNAMIC_NO_PIC = NO;
				GCC_NO_COMMON_BLOCKS = YES;
				GCC_OPTIMIZATION_LEVEL = 0;
				GCC_PREPROCESSOR_DEFINITIONS = (
					"DEBUG=1",
					"$(inherited)",
				);
				GCC_WARN_64_TO_32_BIT_CONVERSION = YES;
				GCC_WARN_ABOUT_RETURN_TYPE = YES_ERROR;
				GCC_WARN_UNDECLARED_SELECTOR = YES;
				GCC_WARN_UNINITIALIZED_AUTOS = YES_AGGRESSIVE;
				GCC_WARN_UNUSED_FUNCTION = YES;
				GCC_WARN_UNUSED_VARIABLE = YES;
				IPHONEOS_DEPLOYMENT_TARGET = 9.3;
				MTL_ENABLE_DEBUG_INFO = YES;
				ONLY_ACTIVE_ARCH = YES;
				SDKROOT = iphoneos;
				SWIFT_OPTIMIZATION_LEVEL = "-Onone";
			};
			name = Debug;
		};
		8E6418DB1D55585A00CC4928 /* Release */ = {
			isa = XCBuildConfiguration;
			buildSettings = {
				ALWAYS_SEARCH_USER_PATHS = NO;
				CLANG_ANALYZER_NONNULL = YES;
				CLANG_CXX_LANGUAGE_STANDARD = "gnu++0x";
				CLANG_CXX_LIBRARY = "libc++";
				CLANG_ENABLE_MODULES = YES;
				CLANG_ENABLE_OBJC_ARC = YES;
				CLANG_WARN_BOOL_CONVERSION = YES;
				CLANG_WARN_CONSTANT_CONVERSION = YES;
				CLANG_WARN_DIRECT_OBJC_ISA_USAGE = YES_ERROR;
				CLANG_WARN_EMPTY_BODY = YES;
				CLANG_WARN_ENUM_CONVERSION = YES;
				CLANG_WARN_INT_CONVERSION = YES;
				CLANG_WARN_OBJC_ROOT_CLASS = YES_ERROR;
				CLANG_WARN_UNREACHABLE_CODE = YES;
				CLANG_WARN__DUPLICATE_METHOD_MATCH = YES;
				"CODE_SIGN_IDENTITY[sdk=iphoneos*]" = "iPhone Developer";
				COPY_PHASE_STRIP = NO;
				DEBUG_INFORMATION_FORMAT = "dwarf-with-dsym";
				ENABLE_NS_ASSERTIONS = NO;
				ENABLE_STRICT_OBJC_MSGSEND = YES;
				GCC_C_LANGUAGE_STANDARD = gnu99;
				GCC_NO_COMMON_BLOCKS = YES;
				GCC_WARN_64_TO_32_BIT_CONVERSION = YES;
				GCC_WARN_ABOUT_RETURN_TYPE = YES_ERROR;
				GCC_WARN_UNDECLARED_SELECTOR = YES;
				GCC_WARN_UNINITIALIZED_AUTOS = YES_AGGRESSIVE;
				GCC_WARN_UNUSED_FUNCTION = YES;
				GCC_WARN_UNUSED_VARIABLE = YES;
				IPHONEOS_DEPLOYMENT_TARGET = 9.3;
				MTL_ENABLE_DEBUG_INFO = NO;
				SDKROOT = iphoneos;
				VALIDATE_PRODUCT = YES;
			};
			name = Release;
		};
		8E6418DD1D55585A00CC4928 /* Debug */ = {
			isa = XCBuildConfiguration;
			baseConfigurationReference = 5C54BC0FD155D9D86D43B7BC /* Pods-Lunr.debug.xcconfig */;
			buildSettings = {
				ASSETCATALOG_COMPILER_APPICON_NAME = AppIcon;
				CLANG_ENABLE_MODULES = YES;
				CODE_SIGN_IDENTITY = "iPhone Developer";
				ENABLE_BITCODE = NO;
				INFOPLIST_FILE = Lunr/Info.plist;
				LD_RUNPATH_SEARCH_PATHS = "$(inherited) @executable_path/Frameworks";
				PRODUCT_BUNDLE_IDENTIFIER = io.renderapps.lunr;
				PRODUCT_NAME = "$(TARGET_NAME)";
				PROVISIONING_PROFILE = "6a18d5ba-57a6-441f-a33e-33a0db3c3e0e";
				SWIFT_OBJC_BRIDGING_HEADER = "Lunr/Lunr-Bridging-Header.h";
				SWIFT_OPTIMIZATION_LEVEL = "-Onone";
			};
			name = Debug;
		};
		8E6418DE1D55585A00CC4928 /* Release */ = {
			isa = XCBuildConfiguration;
			baseConfigurationReference = E3AC8E500CB0F49EA332D9F1 /* Pods-Lunr.release.xcconfig */;
			buildSettings = {
				ASSETCATALOG_COMPILER_APPICON_NAME = AppIcon;
				CLANG_ENABLE_MODULES = YES;
				CODE_SIGN_IDENTITY = "iPhone Distribution: Bobby Ren (H799H8B8DD)";
				ENABLE_BITCODE = NO;
				INFOPLIST_FILE = Lunr/Info.plist;
				LD_RUNPATH_SEARCH_PATHS = "$(inherited) @executable_path/Frameworks";
				PRODUCT_BUNDLE_IDENTIFIER = io.renderapps.lunr;
				PRODUCT_NAME = "$(TARGET_NAME)";
				PROVISIONING_PROFILE = "6a18d5ba-57a6-441f-a33e-33a0db3c3e0e";
				SWIFT_OBJC_BRIDGING_HEADER = "Lunr/Lunr-Bridging-Header.h";
			};
			name = Release;
		};
/* End XCBuildConfiguration section */

/* Begin XCConfigurationList section */
		8E6418C51D55585900CC4928 /* Build configuration list for PBXProject "Lunr" */ = {
			isa = XCConfigurationList;
			buildConfigurations = (
				8E6418DA1D55585A00CC4928 /* Debug */,
				8E6418DB1D55585A00CC4928 /* Release */,
			);
			defaultConfigurationIsVisible = 0;
			defaultConfigurationName = Release;
		};
		8E6418DC1D55585A00CC4928 /* Build configuration list for PBXNativeTarget "Lunr" */ = {
			isa = XCConfigurationList;
			buildConfigurations = (
				8E6418DD1D55585A00CC4928 /* Debug */,
				8E6418DE1D55585A00CC4928 /* Release */,
			);
			defaultConfigurationIsVisible = 0;
			defaultConfigurationName = Release;
		};
/* End XCConfigurationList section */
	};
	rootObject = 8E6418C21D55585900CC4928 /* Project object */;
}
