// !$*UTF8*$!
{
	archiveVersion = 1;
	classes = {
	};
	objectVersion = 46;
	objects = {

/* Begin PBXBuildFile section */
		8E4DE0BD1D62B9030013C06C /* PFUser+Utils.swift in Sources */ = {isa = PBXBuildFile; fileRef = 8E4DE0BC1D62B9030013C06C /* PFUser+Utils.swift */; };
		8E6418CE1D55585A00CC4928 /* AppDelegate.swift in Sources */ = {isa = PBXBuildFile; fileRef = 8E6418CD1D55585A00CC4928 /* AppDelegate.swift */; };
		8E6418D01D55585A00CC4928 /* BobbyTestViewController.swift in Sources */ = {isa = PBXBuildFile; fileRef = 8E6418CF1D55585A00CC4928 /* BobbyTestViewController.swift */; };
		8E6418D31D55585A00CC4928 /* Main.storyboard in Resources */ = {isa = PBXBuildFile; fileRef = 8E6418D11D55585A00CC4928 /* Main.storyboard */; };
		8E6418D51D55585A00CC4928 /* Assets.xcassets in Resources */ = {isa = PBXBuildFile; fileRef = 8E6418D41D55585A00CC4928 /* Assets.xcassets */; };
		8E6418D81D55585A00CC4928 /* LaunchScreen.storyboard in Resources */ = {isa = PBXBuildFile; fileRef = 8E6418D61D55585A00CC4928 /* LaunchScreen.storyboard */; };
		8E6418E11D56780100CC4928 /* Login.storyboard in Resources */ = {isa = PBXBuildFile; fileRef = 8E6418E01D56780100CC4928 /* Login.storyboard */; };
		8E6418E31D56791700CC4928 /* FacebookViewController.swift in Sources */ = {isa = PBXBuildFile; fileRef = 8E6418E21D56791700CC4928 /* FacebookViewController.swift */; };
		8E6418E51D567FDE00CC4928 /* EmailViewController.swift in Sources */ = {isa = PBXBuildFile; fileRef = 8E6418E41D567FDE00CC4928 /* EmailViewController.swift */; };
		8E6418E71D5687B600CC4928 /* UIViewController+Utils.swift in Sources */ = {isa = PBXBuildFile; fileRef = 8E6418E61D5687B600CC4928 /* UIViewController+Utils.swift */; };
		8E6418EB1D56914E00CC4928 /* Bobby.storyboard in Resources */ = {isa = PBXBuildFile; fileRef = 8E6418EA1D56914E00CC4928 /* Bobby.storyboard */; };
		8E6418ED1D56921F00CC4928 /* SplashViewController.swift in Sources */ = {isa = PBXBuildFile; fileRef = 8E6418EC1D56921F00CC4928 /* SplashViewController.swift */; };
		8E6418F01D56E8FA00CC4928 /* Constants.swift in Sources */ = {isa = PBXBuildFile; fileRef = 8E6418EF1D56E8FA00CC4928 /* Constants.swift */; };
		8E9BB7631D5ECA18001FD26B /* CallViewController.swift in Sources */ = {isa = PBXBuildFile; fileRef = 8E9BB7621D5ECA18001FD26B /* CallViewController.swift */; };
		8EF7D51A1D5FBF37007B76DE /* PFUser+Utils.swift in Sources */ = {isa = PBXBuildFile; fileRef = 8EF7D5191D5FBF37007B76DE /* PFUser+Utils.swift */; };
		8EF7D51D1D5FC5FF007B76DE /* UserService.swift in Sources */ = {isa = PBXBuildFile; fileRef = 8EF7D51C1D5FC5FF007B76DE /* UserService.swift */; };
		E1C39C731C72929F935E4358 /* Pods_Lunr.framework in Frameworks */ = {isa = PBXBuildFile; fileRef = 7280BF70468FB0B74D044B63 /* Pods_Lunr.framework */; };
/* End PBXBuildFile section */

/* Begin PBXFileReference section */
		2DABA2EAF4903FAF10101E43 /* Pods-Lunr.debug.xcconfig */ = {isa = PBXFileReference; includeInIndex = 1; lastKnownFileType = text.xcconfig; name = "Pods-Lunr.debug.xcconfig"; path = "Pods/Target Support Files/Pods-Lunr/Pods-Lunr.debug.xcconfig"; sourceTree = "<group>"; };
		438D61AA2D36DB7B873583D4 /* Pods-Lunr.release.xcconfig */ = {isa = PBXFileReference; includeInIndex = 1; lastKnownFileType = text.xcconfig; name = "Pods-Lunr.release.xcconfig"; path = "Pods/Target Support Files/Pods-Lunr/Pods-Lunr.release.xcconfig"; sourceTree = "<group>"; };
		7280BF70468FB0B74D044B63 /* Pods_Lunr.framework */ = {isa = PBXFileReference; explicitFileType = wrapper.framework; includeInIndex = 0; path = Pods_Lunr.framework; sourceTree = BUILT_PRODUCTS_DIR; };
		8E4DE0BC1D62B9030013C06C /* PFUser+Utils.swift */ = {isa = PBXFileReference; fileEncoding = 4; lastKnownFileType = sourcecode.swift; path = "PFUser+Utils.swift"; sourceTree = "<group>"; };
		8E6418CA1D55585A00CC4928 /* Lunr.app */ = {isa = PBXFileReference; explicitFileType = wrapper.application; includeInIndex = 0; path = Lunr.app; sourceTree = BUILT_PRODUCTS_DIR; };
		8E6418CD1D55585A00CC4928 /* AppDelegate.swift */ = {isa = PBXFileReference; lastKnownFileType = sourcecode.swift; path = AppDelegate.swift; sourceTree = "<group>"; };
		8E6418CF1D55585A00CC4928 /* BobbyTestViewController.swift */ = {isa = PBXFileReference; lastKnownFileType = sourcecode.swift; path = BobbyTestViewController.swift; sourceTree = "<group>"; };
		8E6418D21D55585A00CC4928 /* Base */ = {isa = PBXFileReference; lastKnownFileType = file.storyboard; name = Base; path = Base.lproj/Main.storyboard; sourceTree = "<group>"; };
		8E6418D41D55585A00CC4928 /* Assets.xcassets */ = {isa = PBXFileReference; lastKnownFileType = folder.assetcatalog; path = Assets.xcassets; sourceTree = "<group>"; };
		8E6418D71D55585A00CC4928 /* Base */ = {isa = PBXFileReference; lastKnownFileType = file.storyboard; name = Base; path = Base.lproj/LaunchScreen.storyboard; sourceTree = "<group>"; };
		8E6418D91D55585A00CC4928 /* Info.plist */ = {isa = PBXFileReference; lastKnownFileType = text.plist.xml; path = Info.plist; sourceTree = "<group>"; };
		8E6418E01D56780100CC4928 /* Login.storyboard */ = {isa = PBXFileReference; fileEncoding = 4; lastKnownFileType = file.storyboard; path = Login.storyboard; sourceTree = "<group>"; };
		8E6418E21D56791700CC4928 /* FacebookViewController.swift */ = {isa = PBXFileReference; fileEncoding = 4; lastKnownFileType = sourcecode.swift; path = FacebookViewController.swift; sourceTree = "<group>"; };
		8E6418E41D567FDE00CC4928 /* EmailViewController.swift */ = {isa = PBXFileReference; fileEncoding = 4; lastKnownFileType = sourcecode.swift; path = EmailViewController.swift; sourceTree = "<group>"; };
		8E6418E61D5687B600CC4928 /* UIViewController+Utils.swift */ = {isa = PBXFileReference; fileEncoding = 4; lastKnownFileType = sourcecode.swift; path = "UIViewController+Utils.swift"; sourceTree = "<group>"; };
		8E6418EA1D56914E00CC4928 /* Bobby.storyboard */ = {isa = PBXFileReference; fileEncoding = 4; lastKnownFileType = file.storyboard; path = Bobby.storyboard; sourceTree = "<group>"; };
		8E6418EC1D56921F00CC4928 /* SplashViewController.swift */ = {isa = PBXFileReference; fileEncoding = 4; lastKnownFileType = sourcecode.swift; path = SplashViewController.swift; sourceTree = "<group>"; };
		8E6418EF1D56E8FA00CC4928 /* Constants.swift */ = {isa = PBXFileReference; fileEncoding = 4; lastKnownFileType = sourcecode.swift; path = Constants.swift; sourceTree = "<group>"; };
		8E9BB7401D5EC3C0001FD26B /* QuartzCore.framework */ = {isa = PBXFileReference; lastKnownFileType = wrapper.framework; name = QuartzCore.framework; path = System/Library/Frameworks/QuartzCore.framework; sourceTree = SDKROOT; };
		8E9BB7421D5EC3CA001FD26B /* OpenGLES.framework */ = {isa = PBXFileReference; lastKnownFileType = wrapper.framework; name = OpenGLES.framework; path = System/Library/Frameworks/OpenGLES.framework; sourceTree = SDKROOT; };
		8E9BB7441D5EC3D3001FD26B /* CoreGraphics.framework */ = {isa = PBXFileReference; lastKnownFileType = wrapper.framework; name = CoreGraphics.framework; path = System/Library/Frameworks/CoreGraphics.framework; sourceTree = SDKROOT; };
		8E9BB7461D5EC3D9001FD26B /* CoreVideo.framework */ = {isa = PBXFileReference; lastKnownFileType = wrapper.framework; name = CoreVideo.framework; path = System/Library/Frameworks/CoreVideo.framework; sourceTree = SDKROOT; };
		8E9BB7481D5EC3DD001FD26B /* CoreMedia.framework */ = {isa = PBXFileReference; lastKnownFileType = wrapper.framework; name = CoreMedia.framework; path = System/Library/Frameworks/CoreMedia.framework; sourceTree = SDKROOT; };
		8E9BB74A1D5EC3E3001FD26B /* CoreAudio.framework */ = {isa = PBXFileReference; lastKnownFileType = wrapper.framework; name = CoreAudio.framework; path = System/Library/Frameworks/CoreAudio.framework; sourceTree = SDKROOT; };
		8E9BB74C1D5EC3EA001FD26B /* AVFoundation.framework */ = {isa = PBXFileReference; lastKnownFileType = wrapper.framework; name = AVFoundation.framework; path = System/Library/Frameworks/AVFoundation.framework; sourceTree = SDKROOT; };
		8E9BB74E1D5EC3F0001FD26B /* AudioToolbox.framework */ = {isa = PBXFileReference; lastKnownFileType = wrapper.framework; name = AudioToolbox.framework; path = System/Library/Frameworks/AudioToolbox.framework; sourceTree = SDKROOT; };
		8E9BB7501D5EC3F6001FD26B /* GLKit.framework */ = {isa = PBXFileReference; lastKnownFileType = wrapper.framework; name = GLKit.framework; path = System/Library/Frameworks/GLKit.framework; sourceTree = SDKROOT; };
		8E9BB7521D5EC3FC001FD26B /* CFNetwork.framework */ = {isa = PBXFileReference; lastKnownFileType = wrapper.framework; name = CFNetwork.framework; path = System/Library/Frameworks/CFNetwork.framework; sourceTree = SDKROOT; };
		8E9BB7541D5EC401001FD26B /* Security.framework */ = {isa = PBXFileReference; lastKnownFileType = wrapper.framework; name = Security.framework; path = System/Library/Frameworks/Security.framework; sourceTree = SDKROOT; };
		8E9BB7561D5EC410001FD26B /* libsqlite3.tbd */ = {isa = PBXFileReference; lastKnownFileType = "sourcecode.text-based-dylib-definition"; name = libsqlite3.tbd; path = usr/lib/libsqlite3.tbd; sourceTree = SDKROOT; };
		8E9BB7581D5EC417001FD26B /* libstdc++.6.tbd */ = {isa = PBXFileReference; lastKnownFileType = "sourcecode.text-based-dylib-definition"; name = "libstdc++.6.tbd"; path = "usr/lib/libstdc++.6.tbd"; sourceTree = SDKROOT; };
		8E9BB75A1D5EC41C001FD26B /* libicucore.tbd */ = {isa = PBXFileReference; lastKnownFileType = "sourcecode.text-based-dylib-definition"; name = libicucore.tbd; path = usr/lib/libicucore.tbd; sourceTree = SDKROOT; };
		8E9BB75C1D5EC423001FD26B /* libc++.tbd */ = {isa = PBXFileReference; lastKnownFileType = "sourcecode.text-based-dylib-definition"; name = "libc++.tbd"; path = "usr/lib/libc++.tbd"; sourceTree = SDKROOT; };
		8E9BB7621D5ECA18001FD26B /* CallViewController.swift */ = {isa = PBXFileReference; fileEncoding = 4; lastKnownFileType = sourcecode.swift; path = CallViewController.swift; sourceTree = "<group>"; };
		8E9BB7641D5ECC83001FD26B /* Lunr-Bridging-Header.h */ = {isa = PBXFileReference; lastKnownFileType = sourcecode.c.h; path = "Lunr-Bridging-Header.h"; sourceTree = "<group>"; };
		8EF7D5191D5FBF37007B76DE /* PFUser+Utils.swift */ = {isa = PBXFileReference; fileEncoding = 4; lastKnownFileType = sourcecode.swift; path = "PFUser+Utils.swift"; sourceTree = "<group>"; };
		8EF7D51C1D5FC5FF007B76DE /* UserService.swift */ = {isa = PBXFileReference; fileEncoding = 4; lastKnownFileType = sourcecode.swift; path = UserService.swift; sourceTree = "<group>"; };
/* End PBXFileReference section */

/* Begin PBXFrameworksBuildPhase section */
		8E6418C71D55585A00CC4928 /* Frameworks */ = {
			isa = PBXFrameworksBuildPhase;
			buildActionMask = 2147483647;
			files = (
				E1C39C731C72929F935E4358 /* Pods_Lunr.framework in Frameworks */,
			);
			runOnlyForDeploymentPostprocessing = 0;
		};
/* End PBXFrameworksBuildPhase section */

/* Begin PBXGroup section */
		3A903D67657AAF02684865C1 /* Frameworks */ = {
			isa = PBXGroup;
			children = (
				8E9BB75C1D5EC423001FD26B /* libc++.tbd */,
				8E9BB75A1D5EC41C001FD26B /* libicucore.tbd */,
				8E9BB7581D5EC417001FD26B /* libstdc++.6.tbd */,
				8E9BB7561D5EC410001FD26B /* libsqlite3.tbd */,
				8E9BB7541D5EC401001FD26B /* Security.framework */,
				8E9BB7521D5EC3FC001FD26B /* CFNetwork.framework */,
				8E9BB7501D5EC3F6001FD26B /* GLKit.framework */,
				8E9BB74E1D5EC3F0001FD26B /* AudioToolbox.framework */,
				8E9BB74C1D5EC3EA001FD26B /* AVFoundation.framework */,
				8E9BB74A1D5EC3E3001FD26B /* CoreAudio.framework */,
				8E9BB7481D5EC3DD001FD26B /* CoreMedia.framework */,
				8E9BB7461D5EC3D9001FD26B /* CoreVideo.framework */,
				8E9BB7441D5EC3D3001FD26B /* CoreGraphics.framework */,
				8E9BB7421D5EC3CA001FD26B /* OpenGLES.framework */,
				8E9BB7401D5EC3C0001FD26B /* QuartzCore.framework */,
				7280BF70468FB0B74D044B63 /* Pods_Lunr.framework */,
			);
			name = Frameworks;
			sourceTree = "<group>";
		};
		8E4DE0BB1D62B7460013C06C /* Services */ = {
			isa = PBXGroup;
			children = (
				8E4DE0BC1D62B9030013C06C /* PFUser+Utils.swift */,
			);
			name = Services;
			sourceTree = "<group>";
		};
		8E6418C11D55585900CC4928 = {
			isa = PBXGroup;
			children = (
				8E6418CC1D55585A00CC4928 /* Lunr */,
				8E6418CB1D55585A00CC4928 /* Products */,
				97D60F08BBADAB517D96159C /* Pods */,
				3A903D67657AAF02684865C1 /* Frameworks */,
			);
			sourceTree = "<group>";
		};
		8E6418CB1D55585A00CC4928 /* Products */ = {
			isa = PBXGroup;
			children = (
				8E6418CA1D55585A00CC4928 /* Lunr.app */,
			);
			name = Products;
			sourceTree = "<group>";
		};
		8E6418CC1D55585A00CC4928 /* Lunr */ = {
			isa = PBXGroup;
			children = (
				8E6418CD1D55585A00CC4928 /* AppDelegate.swift */,
				8E6418EE1D56981700CC4928 /* Controllers */,
				8E6418DF1D5677E300CC4928 /* Storyboards */,
				8EF7D51B1D5FBF44007B76DE /* Utils */,
				8E6418CD1D55585A00CC4928 /* AppDelegate.swift */,
				8E6418EF1D56E8FA00CC4928 /* Constants.swift */,
				8E6418E61D5687B600CC4928 /* UIViewController+Utils.swift */,
				8E4DE0BB1D62B7460013C06C /* Services */,
				8E6418D41D55585A00CC4928 /* Assets.xcassets */,
				8E6418D61D55585A00CC4928 /* LaunchScreen.storyboard */,
				8E6418D91D55585A00CC4928 /* Info.plist */,
			);
			path = Lunr;
			sourceTree = "<group>";
		};
		8E6418DF1D5677E300CC4928 /* Storyboards */ = {
			isa = PBXGroup;
			children = (
				8E6418D11D55585A00CC4928 /* Main.storyboard */,
				8E6418E01D56780100CC4928 /* Login.storyboard */,
				8E6418EA1D56914E00CC4928 /* Bobby.storyboard */,
			);
			name = Storyboards;
			path = ..;
			sourceTree = "<group>";
		};
		8E6418EE1D56981700CC4928 /* Controllers */ = {
			isa = PBXGroup;
			children = (
				8E6418EC1D56921F00CC4928 /* SplashViewController.swift */,
				8E6418E21D56791700CC4928 /* FacebookViewController.swift */,
				8E6418E41D567FDE00CC4928 /* EmailViewController.swift */,
				8E6418CF1D55585A00CC4928 /* BobbyTestViewController.swift */,
				8E9BB7621D5ECA18001FD26B /* CallViewController.swift */,
			);
			name = Controllers;
			sourceTree = "<group>";
		};
		8EF7D51B1D5FBF44007B76DE /* Utils */ = {
			isa = PBXGroup;
			children = (
				8EF7D51C1D5FC5FF007B76DE /* UserService.swift */,
				8E6418EF1D56E8FA00CC4928 /* Constants.swift */,
				8E6418E61D5687B600CC4928 /* UIViewController+Utils.swift */,
				8EF7D5191D5FBF37007B76DE /* PFUser+Utils.swift */,
				8E9BB7641D5ECC83001FD26B /* Lunr-Bridging-Header.h */,
			);
			name = Utils;
			sourceTree = "<group>";
		};
		97D60F08BBADAB517D96159C /* Pods */ = {
			isa = PBXGroup;
			children = (
				2DABA2EAF4903FAF10101E43 /* Pods-Lunr.debug.xcconfig */,
				438D61AA2D36DB7B873583D4 /* Pods-Lunr.release.xcconfig */,
			);
			name = Pods;
			sourceTree = "<group>";
		};
/* End PBXGroup section */

/* Begin PBXNativeTarget section */
		8E6418C91D55585A00CC4928 /* Lunr */ = {
			isa = PBXNativeTarget;
			buildConfigurationList = 8E6418DC1D55585A00CC4928 /* Build configuration list for PBXNativeTarget "Lunr" */;
			buildPhases = (
				AE744D1592AF43D8FB1B7259 /* [CP] Check Pods Manifest.lock */,
				8E6418C61D55585A00CC4928 /* Sources */,
				8E6418C71D55585A00CC4928 /* Frameworks */,
				8E6418C81D55585A00CC4928 /* Resources */,
				377C4CBFA0D48DE18BCAA486 /* [CP] Embed Pods Frameworks */,
				BE777C20A5A947303BEE3501 /* [CP] Copy Pods Resources */,
			);
			buildRules = (
			);
			dependencies = (
			);
			name = Lunr;
			productName = Lunr;
			productReference = 8E6418CA1D55585A00CC4928 /* Lunr.app */;
			productType = "com.apple.product-type.application";
		};
/* End PBXNativeTarget section */

/* Begin PBXProject section */
		8E6418C21D55585900CC4928 /* Project object */ = {
			isa = PBXProject;
			attributes = {
				LastSwiftUpdateCheck = 0730;
				LastUpgradeCheck = 0730;
				ORGANIZATIONNAME = "Bobby Ren";
				TargetAttributes = {
					8E6418C91D55585A00CC4928 = {
						CreatedOnToolsVersion = 7.3.1;
					};
				};
			};
			buildConfigurationList = 8E6418C51D55585900CC4928 /* Build configuration list for PBXProject "Lunr" */;
			compatibilityVersion = "Xcode 3.2";
			developmentRegion = English;
			hasScannedForEncodings = 0;
			knownRegions = (
				en,
				Base,
			);
			mainGroup = 8E6418C11D55585900CC4928;
			productRefGroup = 8E6418CB1D55585A00CC4928 /* Products */;
			projectDirPath = "";
			projectRoot = "";
			targets = (
				8E6418C91D55585A00CC4928 /* Lunr */,
			);
		};
/* End PBXProject section */

/* Begin PBXResourcesBuildPhase section */
		8E6418C81D55585A00CC4928 /* Resources */ = {
			isa = PBXResourcesBuildPhase;
			buildActionMask = 2147483647;
			files = (
				8E6418EB1D56914E00CC4928 /* Bobby.storyboard in Resources */,
				8E6418E11D56780100CC4928 /* Login.storyboard in Resources */,
				8E6418D81D55585A00CC4928 /* LaunchScreen.storyboard in Resources */,
				8E6418D51D55585A00CC4928 /* Assets.xcassets in Resources */,
				8E6418D31D55585A00CC4928 /* Main.storyboard in Resources */,
			);
			runOnlyForDeploymentPostprocessing = 0;
		};
/* End PBXResourcesBuildPhase section */

/* Begin PBXShellScriptBuildPhase section */
		377C4CBFA0D48DE18BCAA486 /* [CP] Embed Pods Frameworks */ = {
			isa = PBXShellScriptBuildPhase;
			buildActionMask = 2147483647;
			files = (
			);
			inputPaths = (
			);
			name = "[CP] Embed Pods Frameworks";
			outputPaths = (
			);
			runOnlyForDeploymentPostprocessing = 0;
			shellPath = /bin/sh;
			shellScript = "\"${SRCROOT}/Pods/Target Support Files/Pods-Lunr/Pods-Lunr-frameworks.sh\"\n";
			showEnvVarsInLog = 0;
		};
		AE744D1592AF43D8FB1B7259 /* [CP] Check Pods Manifest.lock */ = {
			isa = PBXShellScriptBuildPhase;
			buildActionMask = 2147483647;
			files = (
			);
			inputPaths = (
			);
			name = "[CP] Check Pods Manifest.lock";
			outputPaths = (
			);
			runOnlyForDeploymentPostprocessing = 0;
			shellPath = /bin/sh;
			shellScript = "diff \"${PODS_ROOT}/../Podfile.lock\" \"${PODS_ROOT}/Manifest.lock\" > /dev/null\nif [[ $? != 0 ]] ; then\n    cat << EOM\nerror: The sandbox is not in sync with the Podfile.lock. Run 'pod install' or update your CocoaPods installation.\nEOM\n    exit 1\nfi\n";
			showEnvVarsInLog = 0;
		};
		BE777C20A5A947303BEE3501 /* [CP] Copy Pods Resources */ = {
			isa = PBXShellScriptBuildPhase;
			buildActionMask = 2147483647;
			files = (
			);
			inputPaths = (
			);
			name = "[CP] Copy Pods Resources";
			outputPaths = (
			);
			runOnlyForDeploymentPostprocessing = 0;
			shellPath = /bin/sh;
			shellScript = "\"${SRCROOT}/Pods/Target Support Files/Pods-Lunr/Pods-Lunr-resources.sh\"\n";
			showEnvVarsInLog = 0;
		};
/* End PBXShellScriptBuildPhase section */

/* Begin PBXSourcesBuildPhase section */
		8E6418C61D55585A00CC4928 /* Sources */ = {
			isa = PBXSourcesBuildPhase;
			buildActionMask = 2147483647;
			files = (
				8E6418E31D56791700CC4928 /* FacebookViewController.swift in Sources */,
				8E6418D01D55585A00CC4928 /* BobbyTestViewController.swift in Sources */,
				8E6418E51D567FDE00CC4928 /* EmailViewController.swift in Sources */,
				8E6418ED1D56921F00CC4928 /* SplashViewController.swift in Sources */,
				8E6418F01D56E8FA00CC4928 /* Constants.swift in Sources */,
				8EF7D51A1D5FBF37007B76DE /* PFUser+Utils.swift in Sources */,
				8EF7D51D1D5FC5FF007B76DE /* UserService.swift in Sources */,
				8E6418CE1D55585A00CC4928 /* AppDelegate.swift in Sources */,
				8E4DE0BD1D62B9030013C06C /* PFUser+Utils.swift in Sources */,
				8E9BB7631D5ECA18001FD26B /* CallViewController.swift in Sources */,
				8E6418E71D5687B600CC4928 /* UIViewController+Utils.swift in Sources */,
			);
			runOnlyForDeploymentPostprocessing = 0;
		};
/* End PBXSourcesBuildPhase section */

/* Begin PBXVariantGroup section */
		8E6418D11D55585A00CC4928 /* Main.storyboard */ = {
			isa = PBXVariantGroup;
			children = (
				8E6418D21D55585A00CC4928 /* Base */,
			);
			name = Main.storyboard;
			path = Lunr;
			sourceTree = "<group>";
		};
		8E6418D61D55585A00CC4928 /* LaunchScreen.storyboard */ = {
			isa = PBXVariantGroup;
			children = (
				8E6418D71D55585A00CC4928 /* Base */,
			);
			name = LaunchScreen.storyboard;
			sourceTree = "<group>";
		};
/* End PBXVariantGroup section */

/* Begin XCBuildConfiguration section */
		8E6418DA1D55585A00CC4928 /* Debug */ = {
			isa = XCBuildConfiguration;
			buildSettings = {
				ALWAYS_SEARCH_USER_PATHS = NO;
				CLANG_ANALYZER_NONNULL = YES;
				CLANG_CXX_LANGUAGE_STANDARD = "gnu++0x";
				CLANG_CXX_LIBRARY = "libc++";
				CLANG_ENABLE_MODULES = YES;
				CLANG_ENABLE_OBJC_ARC = YES;
				CLANG_WARN_BOOL_CONVERSION = YES;
				CLANG_WARN_CONSTANT_CONVERSION = YES;
				CLANG_WARN_DIRECT_OBJC_ISA_USAGE = YES_ERROR;
				CLANG_WARN_EMPTY_BODY = YES;
				CLANG_WARN_ENUM_CONVERSION = YES;
				CLANG_WARN_INT_CONVERSION = YES;
				CLANG_WARN_OBJC_ROOT_CLASS = YES_ERROR;
				CLANG_WARN_UNREACHABLE_CODE = YES;
				CLANG_WARN__DUPLICATE_METHOD_MATCH = YES;
				"CODE_SIGN_IDENTITY[sdk=iphoneos*]" = "iPhone Developer";
				COPY_PHASE_STRIP = NO;
				DEBUG_INFORMATION_FORMAT = dwarf;
				ENABLE_STRICT_OBJC_MSGSEND = YES;
				ENABLE_TESTABILITY = YES;
				GCC_C_LANGUAGE_STANDARD = gnu99;
				GCC_DYNAMIC_NO_PIC = NO;
				GCC_NO_COMMON_BLOCKS = YES;
				GCC_OPTIMIZATION_LEVEL = 0;
				GCC_PREPROCESSOR_DEFINITIONS = (
					"DEBUG=1",
					"$(inherited)",
				);
				GCC_WARN_64_TO_32_BIT_CONVERSION = YES;
				GCC_WARN_ABOUT_RETURN_TYPE = YES_ERROR;
				GCC_WARN_UNDECLARED_SELECTOR = YES;
				GCC_WARN_UNINITIALIZED_AUTOS = YES_AGGRESSIVE;
				GCC_WARN_UNUSED_FUNCTION = YES;
				GCC_WARN_UNUSED_VARIABLE = YES;
				IPHONEOS_DEPLOYMENT_TARGET = 9.3;
				MTL_ENABLE_DEBUG_INFO = YES;
				ONLY_ACTIVE_ARCH = YES;
				SDKROOT = iphoneos;
				SWIFT_OPTIMIZATION_LEVEL = "-Onone";
			};
			name = Debug;
		};
		8E6418DB1D55585A00CC4928 /* Release */ = {
			isa = XCBuildConfiguration;
			buildSettings = {
				ALWAYS_SEARCH_USER_PATHS = NO;
				CLANG_ANALYZER_NONNULL = YES;
				CLANG_CXX_LANGUAGE_STANDARD = "gnu++0x";
				CLANG_CXX_LIBRARY = "libc++";
				CLANG_ENABLE_MODULES = YES;
				CLANG_ENABLE_OBJC_ARC = YES;
				CLANG_WARN_BOOL_CONVERSION = YES;
				CLANG_WARN_CONSTANT_CONVERSION = YES;
				CLANG_WARN_DIRECT_OBJC_ISA_USAGE = YES_ERROR;
				CLANG_WARN_EMPTY_BODY = YES;
				CLANG_WARN_ENUM_CONVERSION = YES;
				CLANG_WARN_INT_CONVERSION = YES;
				CLANG_WARN_OBJC_ROOT_CLASS = YES_ERROR;
				CLANG_WARN_UNREACHABLE_CODE = YES;
				CLANG_WARN__DUPLICATE_METHOD_MATCH = YES;
				"CODE_SIGN_IDENTITY[sdk=iphoneos*]" = "iPhone Developer";
				COPY_PHASE_STRIP = NO;
				DEBUG_INFORMATION_FORMAT = "dwarf-with-dsym";
				ENABLE_NS_ASSERTIONS = NO;
				ENABLE_STRICT_OBJC_MSGSEND = YES;
				GCC_C_LANGUAGE_STANDARD = gnu99;
				GCC_NO_COMMON_BLOCKS = YES;
				GCC_WARN_64_TO_32_BIT_CONVERSION = YES;
				GCC_WARN_ABOUT_RETURN_TYPE = YES_ERROR;
				GCC_WARN_UNDECLARED_SELECTOR = YES;
				GCC_WARN_UNINITIALIZED_AUTOS = YES_AGGRESSIVE;
				GCC_WARN_UNUSED_FUNCTION = YES;
				GCC_WARN_UNUSED_VARIABLE = YES;
				IPHONEOS_DEPLOYMENT_TARGET = 9.3;
				MTL_ENABLE_DEBUG_INFO = NO;
				SDKROOT = iphoneos;
				VALIDATE_PRODUCT = YES;
			};
			name = Release;
		};
		8E6418DD1D55585A00CC4928 /* Debug */ = {
			isa = XCBuildConfiguration;
			baseConfigurationReference = 2DABA2EAF4903FAF10101E43 /* Pods-Lunr.debug.xcconfig */;
			buildSettings = {
				ASSETCATALOG_COMPILER_APPICON_NAME = AppIcon;
				CLANG_ENABLE_MODULES = YES;
				CODE_SIGN_IDENTITY = "iPhone Developer";
				ENABLE_BITCODE = NO;
				INFOPLIST_FILE = Lunr/Info.plist;
				LD_RUNPATH_SEARCH_PATHS = "$(inherited) @executable_path/Frameworks";
				PRODUCT_BUNDLE_IDENTIFIER = com.chemblink.test;
				PRODUCT_NAME = "$(TARGET_NAME)";
				SWIFT_OBJC_BRIDGING_HEADER = "Lunr/Lunr-Bridging-Header.h";
				SWIFT_OPTIMIZATION_LEVEL = "-Onone";
			};
			name = Debug;
		};
		8E6418DE1D55585A00CC4928 /* Release */ = {
			isa = XCBuildConfiguration;
			baseConfigurationReference = 438D61AA2D36DB7B873583D4 /* Pods-Lunr.release.xcconfig */;
			buildSettings = {
				ASSETCATALOG_COMPILER_APPICON_NAME = AppIcon;
				CLANG_ENABLE_MODULES = YES;
				CODE_SIGN_IDENTITY = "iPhone Developer";
				ENABLE_BITCODE = NO;
				INFOPLIST_FILE = Lunr/Info.plist;
				LD_RUNPATH_SEARCH_PATHS = "$(inherited) @executable_path/Frameworks";
				PRODUCT_BUNDLE_IDENTIFIER = com.chemblink.test;
				PRODUCT_NAME = "$(TARGET_NAME)";
				SWIFT_OBJC_BRIDGING_HEADER = "Lunr/Lunr-Bridging-Header.h";
			};
			name = Release;
		};
/* End XCBuildConfiguration section */

/* Begin XCConfigurationList section */
		8E6418C51D55585900CC4928 /* Build configuration list for PBXProject "Lunr" */ = {
			isa = XCConfigurationList;
			buildConfigurations = (
				8E6418DA1D55585A00CC4928 /* Debug */,
				8E6418DB1D55585A00CC4928 /* Release */,
			);
			defaultConfigurationIsVisible = 0;
			defaultConfigurationName = Release;
		};
		8E6418DC1D55585A00CC4928 /* Build configuration list for PBXNativeTarget "Lunr" */ = {
			isa = XCConfigurationList;
			buildConfigurations = (
				8E6418DD1D55585A00CC4928 /* Debug */,
				8E6418DE1D55585A00CC4928 /* Release */,
			);
			defaultConfigurationIsVisible = 0;
			defaultConfigurationName = Release;
		};
/* End XCConfigurationList section */
	};
	rootObject = 8E6418C21D55585900CC4928 /* Project object */;
}
